
Microsoft Visual Studio Solution File, Format Version 12.00
# Visual Studio Version 16
VisualStudioVersion = 16.0.30717.126
MinimumVisualStudioVersion = 10.0.40219.1
Project("{9A19103F-16F7-4668-BE54-9A1E7A4F7556}") = "BetAnalyserBotWs", "BetAnalyserBotWs\BetAnalyserBotWs.csproj", "{AE29AEDA-C6E5-49AF-9F9B-FF9D640AE401}"
EndProject
Project("{9A19103F-16F7-4668-BE54-9A1E7A4F7556}") = "BetAnalyserBotAPI", "BetAnalyserBotAPI\BetAnalyserBotAPI.csproj", "{D6912204-0E53-4B1D-BC1B-DB60591B66FD}"
EndProject
Project("{FAE04EC0-301F-11D3-BF4B-00C04F79EFBC}") = "Domain", "Domain\Domain.csproj", "{0BF787E9-4D2C-42A5-88C0-B3B5027B168C}"
EndProject
Global
	GlobalSection(SolutionConfigurationPlatforms) = preSolution
		Debug|Any CPU = Debug|Any CPU
		Release|Any CPU = Release|Any CPU
	EndGlobalSection
	GlobalSection(ProjectConfigurationPlatforms) = postSolution
		{AE29AEDA-C6E5-49AF-9F9B-FF9D640AE401}.Debug|Any CPU.ActiveCfg = Debug|Any CPU
		{AE29AEDA-C6E5-49AF-9F9B-FF9D640AE401}.Debug|Any CPU.Build.0 = Debug|Any CPU
		{AE29AEDA-C6E5-49AF-9F9B-FF9D640AE401}.Release|Any CPU.ActiveCfg = Release|Any CPU
		{AE29AEDA-C6E5-49AF-9F9B-FF9D640AE401}.Release|Any CPU.Build.0 = Release|Any CPU
		{D6912204-0E53-4B1D-BC1B-DB60591B66FD}.Debug|Any CPU.ActiveCfg = Debug|Any CPU
		{D6912204-0E53-4B1D-BC1B-DB60591B66FD}.Debug|Any CPU.Build.0 = Debug|Any CPU
		{D6912204-0E53-4B1D-BC1B-DB60591B66FD}.Release|Any CPU.ActiveCfg = Release|Any CPU
		{D6912204-0E53-4B1D-BC1B-DB60591B66FD}.Release|Any CPU.Build.0 = Release|Any CPU
		{0BF787E9-4D2C-42A5-88C0-B3B5027B168C}.Debug|Any CPU.ActiveCfg = Debug|Any CPU
		{0BF787E9-4D2C-42A5-88C0-B3B5027B168C}.Debug|Any CPU.Build.0 = Debug|Any CPU
		{0BF787E9-4D2C-42A5-88C0-B3B5027B168C}.Release|Any CPU.ActiveCfg = Release|Any CPU
		{0BF787E9-4D2C-42A5-88C0-B3B5027B168C}.Release|Any CPU.Build.0 = Release|Any CPU
	EndGlobalSection
	GlobalSection(SolutionProperties) = preSolution
		HideSolutionNode = FALSE
	EndGlobalSection
	GlobalSection(ExtensibilityGlobals) = postSolution
		SolutionGuid = {C1F1D288-A92A-4E0C-A3C8-06EB6D67CC78}
	EndGlobalSection
EndGlobal
